
Microsoft Visual Studio Solution File, Format Version 12.00
Project("{FAE04EC0-301F-11D3-BF4B-00C04F79EFBC}") = "KnowledgeSystem", "KnowledgeSystem\KnowledgeSystem.csproj", "{FD709D4D-C523-46FC-A56E-4E8FD6D12CCB}"
EndProject
Project("{FAE04EC0-301F-11D3-BF4B-00C04F79EFBC}") = "KnowledgeSystem.Tests", "KnowledgeSystem.Tests\KnowledgeSystem.Tests.csproj", "{FF7C203C-986F-4920-B34A-DD63D2474CF6}"
EndProject
Project("{FAE04EC0-301F-11D3-BF4B-00C04F79EFBC}") = "KnowledgeSystem.EmdParser", "KnowledgeSystem.EmdParser\KnowledgeSystem.EmdParser.csproj", "{736172DE-1841-4A2D-ACEA-C6CB3EBFDFFF}"
EndProject
Project("{FAE04EC0-301F-11D3-BF4B-00C04F79EFBC}") = "KnowledgeSystem.Vector.Hnsw", "KnowledgeSystem.Vector.Hnsw\KnowledgeSystem.Vector.Hnsw.csproj", "{120B6FAF-D3C0-49A1-B3EA-A8E0D4B5F3D1}"
EndProject
Project("{FAE04EC0-301F-11D3-BF4B-00C04F79EFBC}") = "KnowledgeSystem.Retrieval", "KnowledgeSystem.Retrieval\KnowledgeSystem.Retrieval.csproj", "{574786EA-13DE-427E-ACEE-87E5C29EE4DD}"
EndProject
Project("{FAE04EC0-301F-11D3-BF4B-00C04F79EFBC}") = "KnowledgeSystem.Agents", "KnowledgeSystem.Agents\KnowledgeSystem.Agents.csproj", "{F488C43B-F07B-45C4-AC06-7BA22698B3BA}"
EndProject
Project("{FAE04EC0-301F-11D3-BF4B-00C04F79EFBC}") = "KnowledgeSystems.Extensions", "KnowledgeSystems.Extensions\KnowledgeSystems.Extensions.csproj", "{FEF386A4-C5ED-420A-86C0-F7381690D9A5}"
EndProject
Project("{FAE04EC0-301F-11D3-BF4B-00C04F79EFBC}") = "KnowledgeSystem.Events", "KnowledgeSystem.Events\KnowledgeSystem.Events.csproj", "{C042A612-1271-4337-8B04-AF52C72A62D2}"
EndProject
Project("{FAE04EC0-301F-11D3-BF4B-00C04F79EFBC}") = "KnowledgeSystem.Vector", "KnowledgeSystem.Vector\KnowledgeSystem.Vector.csproj", "{F9CA74D3-CC07-465B-81C1-31786C40097F}"
EndProject
Global
	GlobalSection(SolutionConfigurationPlatforms) = preSolution
		Debug|Any CPU = Debug|Any CPU
		Release|Any CPU = Release|Any CPU
	EndGlobalSection
	GlobalSection(ProjectConfigurationPlatforms) = postSolution
		{FD709D4D-C523-46FC-A56E-4E8FD6D12CCB}.Debug|Any CPU.ActiveCfg = Debug|Any CPU
		{FD709D4D-C523-46FC-A56E-4E8FD6D12CCB}.Debug|Any CPU.Build.0 = Debug|Any CPU
		{FD709D4D-C523-46FC-A56E-4E8FD6D12CCB}.Release|Any CPU.ActiveCfg = Release|Any CPU
		{FD709D4D-C523-46FC-A56E-4E8FD6D12CCB}.Release|Any CPU.Build.0 = Release|Any CPU
		{FF7C203C-986F-4920-B34A-DD63D2474CF6}.Debug|Any CPU.ActiveCfg = Debug|Any CPU
		{FF7C203C-986F-4920-B34A-DD63D2474CF6}.Debug|Any CPU.Build.0 = Debug|Any CPU
		{FF7C203C-986F-4920-B34A-DD63D2474CF6}.Release|Any CPU.ActiveCfg = Release|Any CPU
		{FF7C203C-986F-4920-B34A-DD63D2474CF6}.Release|Any CPU.Build.0 = Release|Any CPU
		{736172DE-1841-4A2D-ACEA-C6CB3EBFDFFF}.Debug|Any CPU.ActiveCfg = Debug|Any CPU
		{736172DE-1841-4A2D-ACEA-C6CB3EBFDFFF}.Debug|Any CPU.Build.0 = Debug|Any CPU
		{736172DE-1841-4A2D-ACEA-C6CB3EBFDFFF}.Release|Any CPU.ActiveCfg = Release|Any CPU
		{736172DE-1841-4A2D-ACEA-C6CB3EBFDFFF}.Release|Any CPU.Build.0 = Release|Any CPU
		{120B6FAF-D3C0-49A1-B3EA-A8E0D4B5F3D1}.Debug|Any CPU.ActiveCfg = Debug|Any CPU
		{120B6FAF-D3C0-49A1-B3EA-A8E0D4B5F3D1}.Debug|Any CPU.Build.0 = Debug|Any CPU
		{120B6FAF-D3C0-49A1-B3EA-A8E0D4B5F3D1}.Release|Any CPU.ActiveCfg = Release|Any CPU
		{120B6FAF-D3C0-49A1-B3EA-A8E0D4B5F3D1}.Release|Any CPU.Build.0 = Release|Any CPU
		{574786EA-13DE-427E-ACEE-87E5C29EE4DD}.Debug|Any CPU.ActiveCfg = Debug|Any CPU
		{574786EA-13DE-427E-ACEE-87E5C29EE4DD}.Debug|Any CPU.Build.0 = Debug|Any CPU
		{574786EA-13DE-427E-ACEE-87E5C29EE4DD}.Release|Any CPU.ActiveCfg = Release|Any CPU
		{574786EA-13DE-427E-ACEE-87E5C29EE4DD}.Release|Any CPU.Build.0 = Release|Any CPU
		{F488C43B-F07B-45C4-AC06-7BA22698B3BA}.Debug|Any CPU.ActiveCfg = Debug|Any CPU
		{F488C43B-F07B-45C4-AC06-7BA22698B3BA}.Debug|Any CPU.Build.0 = Debug|Any CPU
		{F488C43B-F07B-45C4-AC06-7BA22698B3BA}.Release|Any CPU.ActiveCfg = Release|Any CPU
		{F488C43B-F07B-45C4-AC06-7BA22698B3BA}.Release|Any CPU.Build.0 = Release|Any CPU
		{FEF386A4-C5ED-420A-86C0-F7381690D9A5}.Debug|Any CPU.ActiveCfg = Debug|Any CPU
		{FEF386A4-C5ED-420A-86C0-F7381690D9A5}.Debug|Any CPU.Build.0 = Debug|Any CPU
		{FEF386A4-C5ED-420A-86C0-F7381690D9A5}.Release|Any CPU.ActiveCfg = Release|Any CPU
		{FEF386A4-C5ED-420A-86C0-F7381690D9A5}.Release|Any CPU.Build.0 = Release|Any CPU
		{C042A612-1271-4337-8B04-AF52C72A62D2}.Debug|Any CPU.ActiveCfg = Debug|Any CPU
		{C042A612-1271-4337-8B04-AF52C72A62D2}.Debug|Any CPU.Build.0 = Debug|Any CPU
		{C042A612-1271-4337-8B04-AF52C72A62D2}.Release|Any CPU.ActiveCfg = Release|Any CPU
		{C042A612-1271-4337-8B04-AF52C72A62D2}.Release|Any CPU.Build.0 = Release|Any CPU
		{F9CA74D3-CC07-465B-81C1-31786C40097F}.Debug|Any CPU.ActiveCfg = Debug|Any CPU
		{F9CA74D3-CC07-465B-81C1-31786C40097F}.Debug|Any CPU.Build.0 = Debug|Any CPU
		{F9CA74D3-CC07-465B-81C1-31786C40097F}.Release|Any CPU.ActiveCfg = Release|Any CPU
		{F9CA74D3-CC07-465B-81C1-31786C40097F}.Release|Any CPU.Build.0 = Release|Any CPU
	EndGlobalSection
EndGlobal
